// !$*UTF8*$!
{
	archiveVersion = 1;
	classes = {
	};
	objectVersion = 56;
	objects = {

/* Begin PBXBuildFile section */
		AC15C148292C030600CD9F93 /* PexelsVideoPlayerApp.swift in Sources */ = {isa = PBXBuildFile; fileRef = AC15C147292C030600CD9F93 /* PexelsVideoPlayerApp.swift */; };
		AC15C14A292C030600CD9F93 /* ContentView.swift in Sources */ = {isa = PBXBuildFile; fileRef = AC15C149292C030600CD9F93 /* ContentView.swift */; };
		AC15C14C292C030700CD9F93 /* Assets.xcassets in Resources */ = {isa = PBXBuildFile; fileRef = AC15C14B292C030700CD9F93 /* Assets.xcassets */; };
		AC15C14F292C030700CD9F93 /* Preview Assets.xcassets in Resources */ = {isa = PBXBuildFile; fileRef = AC15C14E292C030700CD9F93 /* Preview Assets.xcassets */; };
		AC15C15A292C048F00CD9F93 /* QueryTagView.swift in Sources */ = {isa = PBXBuildFile; fileRef = AC15C159292C048F00CD9F93 /* QueryTagView.swift */; };
		AC15C15D292C05D200CD9F93 /* VideoManager.swift in Sources */ = {isa = PBXBuildFile; fileRef = AC15C15C292C05D200CD9F93 /* VideoManager.swift */; };
		AC15C15F292C07B500CD9F93 /* VideoCardView.swift in Sources */ = {isa = PBXBuildFile; fileRef = AC15C15E292C07B500CD9F93 /* VideoCardView.swift */; };
		AC15C161292C0AE500CD9F93 /* SearchForVideosModel.swift in Sources */ = {isa = PBXBuildFile; fileRef = AC15C160292C0AE500CD9F93 /* SearchForVideosModel.swift */; };
		AC15C163292C0C5B00CD9F93 /* videoData.json in Resources */ = {isa = PBXBuildFile; fileRef = AC15C162292C0C5B00CD9F93 /* videoData.json */; };
		AC15C165292C0C8E00CD9F93 /* ModelData.swift in Sources */ = {isa = PBXBuildFile; fileRef = AC15C164292C0C8E00CD9F93 /* ModelData.swift */; };
		AC8E4956292CFD1E0065255C /* VideoView.swift in Sources */ = {isa = PBXBuildFile; fileRef = AC8E4955292CFD1E0065255C /* VideoView.swift */; };
		AC8E495A292D03F70065255C /* VideoPlayerViewModel.swift in Sources */ = {isa = PBXBuildFile; fileRef = AC8E4959292D03F70065255C /* VideoPlayerViewModel.swift */; };
/* End PBXBuildFile section */

/* Begin PBXFileReference section */
		AC15C144292C030600CD9F93 /* PexelsVideoPlayer.app */ = {isa = PBXFileReference; explicitFileType = wrapper.application; includeInIndex = 0; path = PexelsVideoPlayer.app; sourceTree = BUILT_PRODUCTS_DIR; };
		AC15C147292C030600CD9F93 /* PexelsVideoPlayerApp.swift */ = {isa = PBXFileReference; lastKnownFileType = sourcecode.swift; path = PexelsVideoPlayerApp.swift; sourceTree = "<group>"; };
		AC15C149292C030600CD9F93 /* ContentView.swift */ = {isa = PBXFileReference; lastKnownFileType = sourcecode.swift; path = ContentView.swift; sourceTree = "<group>"; };
		AC15C14B292C030700CD9F93 /* Assets.xcassets */ = {isa = PBXFileReference; lastKnownFileType = folder.assetcatalog; path = Assets.xcassets; sourceTree = "<group>"; };
		AC15C14E292C030700CD9F93 /* Preview Assets.xcassets */ = {isa = PBXFileReference; lastKnownFileType = folder.assetcatalog; path = "Preview Assets.xcassets"; sourceTree = "<group>"; };
		AC15C159292C048F00CD9F93 /* QueryTagView.swift */ = {isa = PBXFileReference; lastKnownFileType = sourcecode.swift; path = QueryTagView.swift; sourceTree = "<group>"; };
		AC15C15C292C05D200CD9F93 /* VideoManager.swift */ = {isa = PBXFileReference; lastKnownFileType = sourcecode.swift; path = VideoManager.swift; sourceTree = "<group>"; };
		AC15C15E292C07B500CD9F93 /* VideoCardView.swift */ = {isa = PBXFileReference; lastKnownFileType = sourcecode.swift; path = VideoCardView.swift; sourceTree = "<group>"; };
		AC15C160292C0AE500CD9F93 /* SearchForVideosModel.swift */ = {isa = PBXFileReference; lastKnownFileType = sourcecode.swift; path = SearchForVideosModel.swift; sourceTree = "<group>"; };
		AC15C162292C0C5B00CD9F93 /* videoData.json */ = {isa = PBXFileReference; fileEncoding = 4; lastKnownFileType = text.json; path = videoData.json; sourceTree = "<group>"; };
		AC15C164292C0C8E00CD9F93 /* ModelData.swift */ = {isa = PBXFileReference; lastKnownFileType = sourcecode.swift; path = ModelData.swift; sourceTree = "<group>"; };
		AC8E4955292CFD1E0065255C /* VideoView.swift */ = {isa = PBXFileReference; lastKnownFileType = sourcecode.swift; path = VideoView.swift; sourceTree = "<group>"; };
		AC8E4959292D03F70065255C /* VideoPlayerViewModel.swift */ = {isa = PBXFileReference; lastKnownFileType = sourcecode.swift; path = VideoPlayerViewModel.swift; sourceTree = "<group>"; };
/* End PBXFileReference section */

/* Begin PBXFrameworksBuildPhase section */
		AC15C141292C030600CD9F93 /* Frameworks */ = {
			isa = PBXFrameworksBuildPhase;
			buildActionMask = 2147483647;
			files = (
			);
			runOnlyForDeploymentPostprocessing = 0;
		};
/* End PBXFrameworksBuildPhase section */

/* Begin PBXGroup section */
		AC15C13B292C030600CD9F93 = {
			isa = PBXGroup;
			children = (
				AC15C146292C030600CD9F93 /* PexelsVideoPlayer */,
				AC15C145292C030600CD9F93 /* Products */,
			);
			sourceTree = "<group>";
		};
		AC15C145292C030600CD9F93 /* Products */ = {
			isa = PBXGroup;
			children = (
				AC15C144292C030600CD9F93 /* PexelsVideoPlayer.app */,
			);
			name = Products;
			sourceTree = "<group>";
		};
		AC15C146292C030600CD9F93 /* PexelsVideoPlayer */ = {
			isa = PBXGroup;
			children = (
				AC15C147292C030600CD9F93 /* PexelsVideoPlayerApp.swift */,
				AC15C15B292C05C800CD9F93 /* Core */,
				AC15C157292C040200CD9F93 /* Model */,
				AC15C156292C03FC00CD9F93 /* ViewModel */,
				AC15C155292C03F600CD9F93 /* View */,
				AC15C14B292C030700CD9F93 /* Assets.xcassets */,
				AC15C14D292C030700CD9F93 /* Preview Content */,
			);
			path = PexelsVideoPlayer;
			sourceTree = "<group>";
		};
		AC15C14D292C030700CD9F93 /* Preview Content */ = {
			isa = PBXGroup;
			children = (
				AC15C164292C0C8E00CD9F93 /* ModelData.swift */,
				AC15C162292C0C5B00CD9F93 /* videoData.json */,
				AC15C14E292C030700CD9F93 /* Preview Assets.xcassets */,
			);
			path = "Preview Content";
			sourceTree = "<group>";
		};
		AC15C155292C03F600CD9F93 /* View */ = {
			isa = PBXGroup;
			children = (
				AC15C149292C030600CD9F93 /* ContentView.swift */,
				AC15C159292C048F00CD9F93 /* QueryTagView.swift */,
				AC15C15E292C07B500CD9F93 /* VideoCardView.swift */,
				AC8E4955292CFD1E0065255C /* VideoView.swift */,
			);
			path = View;
			sourceTree = "<group>";
		};
		AC15C156292C03FC00CD9F93 /* ViewModel */ = {
			isa = PBXGroup;
			children = (
				AC8E4959292D03F70065255C /* VideoPlayerViewModel.swift */,
			);
			path = ViewModel;
			sourceTree = "<group>";
		};
		AC15C157292C040200CD9F93 /* Model */ = {
			isa = PBXGroup;
			children = (
				AC15C160292C0AE500CD9F93 /* SearchForVideosModel.swift */,
			);
			path = Model;
			sourceTree = "<group>";
		};
		AC15C15B292C05C800CD9F93 /* Core */ = {
			isa = PBXGroup;
			children = (
				AC15C15C292C05D200CD9F93 /* VideoManager.swift */,
			);
			path = Core;
			sourceTree = "<group>";
		};
/* End PBXGroup section */

/* Begin PBXNativeTarget section */
		AC15C143292C030600CD9F93 /* PexelsVideoPlayer */ = {
			isa = PBXNativeTarget;
			buildConfigurationList = AC15C152292C030700CD9F93 /* Build configuration list for PBXNativeTarget "PexelsVideoPlayer" */;
			buildPhases = (
				AC15C140292C030600CD9F93 /* Sources */,
				AC15C141292C030600CD9F93 /* Frameworks */,
				AC15C142292C030600CD9F93 /* Resources */,
			);
			buildRules = (
			);
			dependencies = (
			);
			name = PexelsVideoPlayer;
			productName = PexelsVideoPlayer;
			productReference = AC15C144292C030600CD9F93 /* PexelsVideoPlayer.app */;
			productType = "com.apple.product-type.application";
		};
/* End PBXNativeTarget section */

/* Begin PBXProject section */
		AC15C13C292C030600CD9F93 /* Project object */ = {
			isa = PBXProject;
			attributes = {
				BuildIndependentTargetsInParallel = 1;
				LastSwiftUpdateCheck = 1410;
				LastUpgradeCheck = 1410;
				TargetAttributes = {
					AC15C143292C030600CD9F93 = {
						CreatedOnToolsVersion = 14.1;
					};
				};
			};
			buildConfigurationList = AC15C13F292C030600CD9F93 /* Build configuration list for PBXProject "PexelsVideoPlayer" */;
			compatibilityVersion = "Xcode 14.0";
			developmentRegion = en;
			hasScannedForEncodings = 0;
			knownRegions = (
				en,
				Base,
			);
			mainGroup = AC15C13B292C030600CD9F93;
			productRefGroup = AC15C145292C030600CD9F93 /* Products */;
			projectDirPath = "";
			projectRoot = "";
			targets = (
				AC15C143292C030600CD9F93 /* PexelsVideoPlayer */,
			);
		};
/* End PBXProject section */

/* Begin PBXResourcesBuildPhase section */
		AC15C142292C030600CD9F93 /* Resources */ = {
			isa = PBXResourcesBuildPhase;
			buildActionMask = 2147483647;
			files = (
				AC15C14F292C030700CD9F93 /* Preview Assets.xcassets in Resources */,
				AC15C14C292C030700CD9F93 /* Assets.xcassets in Resources */,
				AC15C163292C0C5B00CD9F93 /* videoData.json in Resources */,
			);
			runOnlyForDeploymentPostprocessing = 0;
		};
/* End PBXResourcesBuildPhase section */

/* Begin PBXSourcesBuildPhase section */
		AC15C140292C030600CD9F93 /* Sources */ = {
			isa = PBXSourcesBuildPhase;
			buildActionMask = 2147483647;
			files = (
				AC8E495A292D03F70065255C /* VideoPlayerViewModel.swift in Sources */,
				AC15C14A292C030600CD9F93 /* ContentView.swift in Sources */,
				AC15C15F292C07B500CD9F93 /* VideoCardView.swift in Sources */,
				AC15C15A292C048F00CD9F93 /* QueryTagView.swift in Sources */,
				AC15C161292C0AE500CD9F93 /* SearchForVideosModel.swift in Sources */,
				AC8E4956292CFD1E0065255C /* VideoView.swift in Sources */,
				AC15C148292C030600CD9F93 /* PexelsVideoPlayerApp.swift in Sources */,
				AC15C15D292C05D200CD9F93 /* VideoManager.swift in Sources */,
				AC15C165292C0C8E00CD9F93 /* ModelData.swift in Sources */,
			);
			runOnlyForDeploymentPostprocessing = 0;
		};
/* End PBXSourcesBuildPhase section */

/* Begin XCBuildConfiguration section */
		AC15C150292C030700CD9F93 /* Debug */ = {
			isa = XCBuildConfiguration;
			buildSettings = {
				ALWAYS_SEARCH_USER_PATHS = NO;
				CLANG_ANALYZER_NONNULL = YES;
				CLANG_ANALYZER_NUMBER_OBJECT_CONVERSION = YES_AGGRESSIVE;
				CLANG_CXX_LANGUAGE_STANDARD = "gnu++20";
				CLANG_ENABLE_MODULES = YES;
				CLANG_ENABLE_OBJC_ARC = YES;
				CLANG_ENABLE_OBJC_WEAK = YES;
				CLANG_WARN_BLOCK_CAPTURE_AUTORELEASING = YES;
				CLANG_WARN_BOOL_CONVERSION = YES;
				CLANG_WARN_COMMA = YES;
				CLANG_WARN_CONSTANT_CONVERSION = YES;
				CLANG_WARN_DEPRECATED_OBJC_IMPLEMENTATIONS = YES;
				CLANG_WARN_DIRECT_OBJC_ISA_USAGE = YES_ERROR;
				CLANG_WARN_DOCUMENTATION_COMMENTS = YES;
				CLANG_WARN_EMPTY_BODY = YES;
				CLANG_WARN_ENUM_CONVERSION = YES;
				CLANG_WARN_INFINITE_RECURSION = YES;
				CLANG_WARN_INT_CONVERSION = YES;
				CLANG_WARN_NON_LITERAL_NULL_CONVERSION = YES;
				CLANG_WARN_OBJC_IMPLICIT_RETAIN_SELF = YES;
				CLANG_WARN_OBJC_LITERAL_CONVERSION = YES;
				CLANG_WARN_OBJC_ROOT_CLASS = YES_ERROR;
				CLANG_WARN_QUOTED_INCLUDE_IN_FRAMEWORK_HEADER = YES;
				CLANG_WARN_RANGE_LOOP_ANALYSIS = YES;
				CLANG_WARN_STRICT_PROTOTYPES = YES;
				CLANG_WARN_SUSPICIOUS_MOVE = YES;
				CLANG_WARN_UNGUARDED_AVAILABILITY = YES_AGGRESSIVE;
				CLANG_WARN_UNREACHABLE_CODE = YES;
				CLANG_WARN__DUPLICATE_METHOD_MATCH = YES;
				COPY_PHASE_STRIP = NO;
				DEBUG_INFORMATION_FORMAT = dwarf;
				ENABLE_STRICT_OBJC_MSGSEND = YES;
				ENABLE_TESTABILITY = YES;
				GCC_C_LANGUAGE_STANDARD = gnu11;
				GCC_DYNAMIC_NO_PIC = NO;
				GCC_NO_COMMON_BLOCKS = YES;
				GCC_OPTIMIZATION_LEVEL = 0;
				GCC_PREPROCESSOR_DEFINITIONS = (
					"DEBUG=1",
					"$(inherited)",
				);
				GCC_WARN_64_TO_32_BIT_CONVERSION = YES;
				GCC_WARN_ABOUT_RETURN_TYPE = YES_ERROR;
				GCC_WARN_UNDECLARED_SELECTOR = YES;
				GCC_WARN_UNINITIALIZED_AUTOS = YES_AGGRESSIVE;
				GCC_WARN_UNUSED_FUNCTION = YES;
				GCC_WARN_UNUSED_VARIABLE = YES;
				IPHONEOS_DEPLOYMENT_TARGET = 16.1;
				MTL_ENABLE_DEBUG_INFO = INCLUDE_SOURCE;
				MTL_FAST_MATH = YES;
				ONLY_ACTIVE_ARCH = YES;
				SDKROOT = iphoneos;
				SWIFT_ACTIVE_COMPILATION_CONDITIONS = DEBUG;
				SWIFT_OPTIMIZATION_LEVEL = "-Onone";
			};
			name = Debug;
		};
		AC15C151292C030700CD9F93 /* Release */ = {
			isa = XCBuildConfiguration;
			buildSettings = {
				ALWAYS_SEARCH_USER_PATHS = NO;
				CLANG_ANALYZER_NONNULL = YES;
				CLANG_ANALYZER_NUMBER_OBJECT_CONVERSION = YES_AGGRESSIVE;
				CLANG_CXX_LANGUAGE_STANDARD = "gnu++20";
				CLANG_ENABLE_MODULES = YES;
				CLANG_ENABLE_OBJC_ARC = YES;
				CLANG_ENABLE_OBJC_WEAK = YES;
				CLANG_WARN_BLOCK_CAPTURE_AUTORELEASING = YES;
				CLANG_WARN_BOOL_CONVERSION = YES;
				CLANG_WARN_COMMA = YES;
				CLANG_WARN_CONSTANT_CONVERSION = YES;
				CLANG_WARN_DEPRECATED_OBJC_IMPLEMENTATIONS = YES;
				CLANG_WARN_DIRECT_OBJC_ISA_USAGE = YES_ERROR;
				CLANG_WARN_DOCUMENTATION_COMMENTS = YES;
				CLANG_WARN_EMPTY_BODY = YES;
				CLANG_WARN_ENUM_CONVERSION = YES;
				CLANG_WARN_INFINITE_RECURSION = YES;
				CLANG_WARN_INT_CONVERSION = YES;
				CLANG_WARN_NON_LITERAL_NULL_CONVERSION = YES;
				CLANG_WARN_OBJC_IMPLICIT_RETAIN_SELF = YES;
				CLANG_WARN_OBJC_LITERAL_CONVERSION = YES;
				CLANG_WARN_OBJC_ROOT_CLASS = YES_ERROR;
				CLANG_WARN_QUOTED_INCLUDE_IN_FRAMEWORK_HEADER = YES;
				CLANG_WARN_RANGE_LOOP_ANALYSIS = YES;
				CLANG_WARN_STRICT_PROTOTYPES = YES;
				CLANG_WARN_SUSPICIOUS_MOVE = YES;
				CLANG_WARN_UNGUARDED_AVAILABILITY = YES_AGGRESSIVE;
				CLANG_WARN_UNREACHABLE_CODE = YES;
				CLANG_WARN__DUPLICATE_METHOD_MATCH = YES;
				COPY_PHASE_STRIP = NO;
				DEBUG_INFORMATION_FORMAT = "dwarf-with-dsym";
				ENABLE_NS_ASSERTIONS = NO;
				ENABLE_STRICT_OBJC_MSGSEND = YES;
				GCC_C_LANGUAGE_STANDARD = gnu11;
				GCC_NO_COMMON_BLOCKS = YES;
				GCC_WARN_64_TO_32_BIT_CONVERSION = YES;
				GCC_WARN_ABOUT_RETURN_TYPE = YES_ERROR;
				GCC_WARN_UNDECLARED_SELECTOR = YES;
				GCC_WARN_UNINITIALIZED_AUTOS = YES_AGGRESSIVE;
				GCC_WARN_UNUSED_FUNCTION = YES;
				GCC_WARN_UNUSED_VARIABLE = YES;
				IPHONEOS_DEPLOYMENT_TARGET = 16.1;
				MTL_ENABLE_DEBUG_INFO = NO;
				MTL_FAST_MATH = YES;
				SDKROOT = iphoneos;
				SWIFT_COMPILATION_MODE = wholemodule;
				SWIFT_OPTIMIZATION_LEVEL = "-O";
				VALIDATE_PRODUCT = YES;
			};
			name = Release;
		};
		AC15C153292C030700CD9F93 /* Debug */ = {
			isa = XCBuildConfiguration;
			buildSettings = {
				ASSETCATALOG_COMPILER_APPICON_NAME = AppIcon;
				ASSETCATALOG_COMPILER_GLOBAL_ACCENT_COLOR_NAME = AccentColor;
				CODE_SIGN_STYLE = Automatic;
				CURRENT_PROJECT_VERSION = 1;
				DEVELOPMENT_ASSET_PATHS = "\"PexelsVideoPlayer/Preview Content\"";
				DEVELOPMENT_TEAM = M4SYRBQBFW;
				ENABLE_PREVIEWS = YES;
				GENERATE_INFOPLIST_FILE = YES;
				INFOPLIST_KEY_CFBundleDisplayName = "Pexels Video Player";
				INFOPLIST_KEY_UIApplicationSceneManifest_Generation = YES;
				INFOPLIST_KEY_UIApplicationSupportsIndirectInputEvents = YES;
				INFOPLIST_KEY_UILaunchScreen_Generation = YES;
				INFOPLIST_KEY_UISupportedInterfaceOrientations = UIInterfaceOrientationPortrait;
				LD_RUNPATH_SEARCH_PATHS = (
					"$(inherited)",
					"@executable_path/Frameworks",
				);
				MARKETING_VERSION = 1.0;
				PRODUCT_BUNDLE_IDENTIFIER = com.AhmedAmin.PexelsVideoPlayer;
				PRODUCT_NAME = "$(TARGET_NAME)";
				SUPPORTED_PLATFORMS = "iphoneos iphonesimulator";
				SUPPORTS_MACCATALYST = NO;
				SUPPORTS_MAC_DESIGNED_FOR_IPHONE_IPAD = NO;
				SWIFT_EMIT_LOC_STRINGS = YES;
				SWIFT_VERSION = 5.0;
				TARGETED_DEVICE_FAMILY = "1,2";
			};
			name = Debug;
		};
		AC15C154292C030700CD9F93 /* Release */ = {
			isa = XCBuildConfiguration;
			buildSettings = {
				ASSETCATALOG_COMPILER_APPICON_NAME = AppIcon;
				ASSETCATALOG_COMPILER_GLOBAL_ACCENT_COLOR_NAME = AccentColor;
				CODE_SIGN_STYLE = Automatic;
				CURRENT_PROJECT_VERSION = 1;
				DEVELOPMENT_ASSET_PATHS = "\"PexelsVideoPlayer/Preview Content\"";
				DEVELOPMENT_TEAM = M4SYRBQBFW;
				ENABLE_PREVIEWS = YES;
				GENERATE_INFOPLIST_FILE = YES;
				INFOPLIST_KEY_CFBundleDisplayName = "Pexels Video Player";
				INFOPLIST_KEY_UIApplicationSceneManifest_Generation = YES;
				INFOPLIST_KEY_UIApplicationSupportsIndirectInputEvents = YES;
				INFOPLIST_KEY_UILaunchScreen_Generation = YES;
				INFOPLIST_KEY_UISupportedInterfaceOrientations = UIInterfaceOrientationPortrait;
				LD_RUNPATH_SEARCH_PATHS = (
					"$(inherited)",
					"@executable_path/Frameworks",
				);
				MARKETING_VERSION = 1.0;
				PRODUCT_BUNDLE_IDENTIFIER = com.AhmedAmin.PexelsVideoPlayer;
				PRODUCT_NAME = "$(TARGET_NAME)";
				SUPPORTED_PLATFORMS = "iphoneos iphonesimulator";
				SUPPORTS_MACCATALYST = NO;
				SUPPORTS_MAC_DESIGNED_FOR_IPHONE_IPAD = NO;
				SWIFT_EMIT_LOC_STRINGS = YES;
				SWIFT_VERSION = 5.0;
				TARGETED_DEVICE_FAMILY = "1,2";
			};
			name = Release;
		};
/* End XCBuildConfiguration section */

/* Begin XCConfigurationList section */
		AC15C13F292C030600CD9F93 /* Build configuration list for PBXProject "PexelsVideoPlayer" */ = {
			isa = XCConfigurationList;
			buildConfigurations = (
				AC15C150292C030700CD9F93 /* Debug */,
				AC15C151292C030700CD9F93 /* Release */,
			);
			defaultConfigurationIsVisible = 0;
			defaultConfigurationName = Release;
		};
		AC15C152292C030700CD9F93 /* Build configuration list for PBXNativeTarget "PexelsVideoPlayer" */ = {
			isa = XCConfigurationList;
			buildConfigurations = (
				AC15C153292C030700CD9F93 /* Debug */,
				AC15C154292C030700CD9F93 /* Release */,
			);
			defaultConfigurationIsVisible = 0;
			defaultConfigurationName = Release;
		};
/* End XCConfigurationList section */
	};
	rootObject = AC15C13C292C030600CD9F93 /* Project object */;
}
